
Microsoft Visual Studio Solution File, Format Version 12.00
# Visual Studio Version 16
VisualStudioVersion = 16.0.29403.142
MinimumVisualStudioVersion = 10.0.40219.1
Project("{FAE04EC0-301F-11D3-BF4B-00C04F79EFBC}") = "addressbook_tests_autoit", "addressbook_tests_autoit.csproj", "{4D5931E9-BD83-4BB0-A1FA-8AA3D2157EDC}"
EndProject
Global
	GlobalSection(SolutionConfigurationPlatforms) = preSolution
		Debug|Any CPU = Debug|Any CPU
		Release|Any CPU = Release|Any CPU
	EndGlobalSection
	GlobalSection(ProjectConfigurationPlatforms) = postSolution
		{4D5931E9-BD83-4BB0-A1FA-8AA3D2157EDC}.Debug|Any CPU.ActiveCfg = Debug|Any CPU
		{4D5931E9-BD83-4BB0-A1FA-8AA3D2157EDC}.Debug|Any CPU.Build.0 = Debug|Any CPU
		{4D5931E9-BD83-4BB0-A1FA-8AA3D2157EDC}.Release|Any CPU.ActiveCfg = Release|Any CPU
		{4D5931E9-BD83-4BB0-A1FA-8AA3D2157EDC}.Release|Any CPU.Build.0 = Release|Any CPU
	EndGlobalSection
	GlobalSection(SolutionProperties) = preSolution
		HideSolutionNode = FALSE
	EndGlobalSection
	GlobalSection(ExtensibilityGlobals) = postSolution
		SolutionGuid = {06A092E4-CD3D-49E7-BC7E-BF3831AFF794}
	EndGlobalSection
EndGlobal
